
Microsoft Visual Studio Solution File, Format Version 12.00
Project("{FAE04EC0-301F-11D3-BF4B-00C04F79EFBC}") = "WeatherIs.OpenWeatherMapApi", "WeatherIs.OpenWeatherMapApi\WeatherIs.OpenWeatherMapApi.csproj", "{EFF3B247-54ED-46C7-B4F3-81E5959084B6}"
EndProject
Project("{FAE04EC0-301F-11D3-BF4B-00C04F79EFBC}") = "WeatherIs.OpenWeatherMapApi.Tests", "WeatherIs.OpenWeatherMapApi.Tests\WeatherIs.OpenWeatherMapApi.Tests.csproj", "{E9F358A6-2E32-46F7-830B-0D54874B2F3D}"
EndProject
Project("{FAE04EC0-301F-11D3-BF4B-00C04F79EFBC}") = "WeatherIs.IpApi", "WeatherIs.IpApi\WeatherIs.IpApi.csproj", "{8A273E49-A9B2-4520-B0E3-1AAA16532163}"
EndProject
Project("{FAE04EC0-301F-11D3-BF4B-00C04F79EFBC}") = "WeatherIs.IpApi.Tests", "WeatherIs.IpApi.Tests\WeatherIs.IpApi.Tests.csproj", "{16B48A91-EA80-4D2F-966F-86199002E17E}"
EndProject
Project("{FAE04EC0-301F-11D3-BF4B-00C04F79EFBC}") = "WeatherIs.Web", "WeatherIs.Web\WeatherIs.Web.csproj", "{21E511E6-DDF7-4AE4-86B2-623578335449}"
EndProject
Global
	GlobalSection(SolutionConfigurationPlatforms) = preSolution
		Debug|Any CPU = Debug|Any CPU
		Release|Any CPU = Release|Any CPU
	EndGlobalSection
	GlobalSection(ProjectConfigurationPlatforms) = postSolution
		{EFF3B247-54ED-46C7-B4F3-81E5959084B6}.Debug|Any CPU.ActiveCfg = Debug|Any CPU
		{EFF3B247-54ED-46C7-B4F3-81E5959084B6}.Debug|Any CPU.Build.0 = Debug|Any CPU
		{EFF3B247-54ED-46C7-B4F3-81E5959084B6}.Release|Any CPU.ActiveCfg = Release|Any CPU
		{EFF3B247-54ED-46C7-B4F3-81E5959084B6}.Release|Any CPU.Build.0 = Release|Any CPU
		{E9F358A6-2E32-46F7-830B-0D54874B2F3D}.Debug|Any CPU.ActiveCfg = Debug|Any CPU
		{E9F358A6-2E32-46F7-830B-0D54874B2F3D}.Debug|Any CPU.Build.0 = Debug|Any CPU
		{E9F358A6-2E32-46F7-830B-0D54874B2F3D}.Release|Any CPU.ActiveCfg = Release|Any CPU
		{E9F358A6-2E32-46F7-830B-0D54874B2F3D}.Release|Any CPU.Build.0 = Release|Any CPU
		{8A273E49-A9B2-4520-B0E3-1AAA16532163}.Debug|Any CPU.ActiveCfg = Debug|Any CPU
		{8A273E49-A9B2-4520-B0E3-1AAA16532163}.Debug|Any CPU.Build.0 = Debug|Any CPU
		{8A273E49-A9B2-4520-B0E3-1AAA16532163}.Release|Any CPU.ActiveCfg = Release|Any CPU
		{8A273E49-A9B2-4520-B0E3-1AAA16532163}.Release|Any CPU.Build.0 = Release|Any CPU
		{16B48A91-EA80-4D2F-966F-86199002E17E}.Debug|Any CPU.ActiveCfg = Debug|Any CPU
		{16B48A91-EA80-4D2F-966F-86199002E17E}.Debug|Any CPU.Build.0 = Debug|Any CPU
		{16B48A91-EA80-4D2F-966F-86199002E17E}.Release|Any CPU.ActiveCfg = Release|Any CPU
		{16B48A91-EA80-4D2F-966F-86199002E17E}.Release|Any CPU.Build.0 = Release|Any CPU
		{21E511E6-DDF7-4AE4-86B2-623578335449}.Debug|Any CPU.ActiveCfg = Debug|Any CPU
		{21E511E6-DDF7-4AE4-86B2-623578335449}.Debug|Any CPU.Build.0 = Debug|Any CPU
		{21E511E6-DDF7-4AE4-86B2-623578335449}.Release|Any CPU.ActiveCfg = Release|Any CPU
		{21E511E6-DDF7-4AE4-86B2-623578335449}.Release|Any CPU.Build.0 = Release|Any CPU
	EndGlobalSection
EndGlobal
